{
  "version": 4,
  "terraform_version": "1.2.2",
  "serial": 256,
  "lineage": "53b708fa-2929-7154-e6b3-02a10dd59233",
  "outputs": {},
  "resources": [
    {
      "mode": "managed",
      "type": "aws_eks_cluster",
      "name": "eks-test",
      "provider": "provider[\"registry.terraform.io/hashicorp/aws\"]",
      "instances": [
        {
          "schema_version": 0,
          "attributes": {
            "arn": "arn:aws:eks:us-east-1:757131707204:cluster/node-cluster",
            "certificate_authority": [
              {
                "data": "LS0tLS1CRUdJTiBDRVJUSUZJQ0FURS0tLS0tCk1JSUMvakNDQWVhZ0F3SUJBZ0lCQURBTkJna3Foa2lHOXcwQkFRc0ZBREFWTVJNd0VRWURWUVFERXdwcmRXSmwKY201bGRHVnpNQjRYRFRJeU1EWXhNekl4TXpjd00xb1hEVE15TURZeE1ESXhNemN3TTFvd0ZURVRNQkVHQTFVRQpBeE1LYTNWaVpYSnVaWFJsY3pDQ0FTSXdEUVlKS29aSWh2Y05BUUVCQlFBRGdnRVBBRENDQVFvQ2dnRUJBTXBYCkRtS2JrZ2JZNjAxMTRxUmgzWGpqTllGUVo5ZG1Jc3VRRU9idVBBaTNGcWgvZ2RkWDJwNytWd2N0d1hGeWdBVzUKTnZnR2Vqd0VrOVVLZUV3UlNuWWFkdFdFdE8xbkNuTHo4U09lYjcvWjZUaHFySXU3UVB6NlBUd0MzeHo0L3EwSgpDbThEOS9yOC8ycTFkSHZqbkU0YUpyd3dOdHc3aUFhTjN4M1lROWlTOE5LaGJOVjVVVXFsZ2tUY2cxd1FENFhSCmttRnBGSmdoUll2cGMxK3JkM1hjaUwwQ1cvQ0lZYWp5OVNaeFRsYVJhR0xaYi9MdUVsa1hDcmRXcEQ1ZjR3ZTcKUi9pelFVVjJQRUVtbEVRQ0RLU1ZKUm1PSFBFZXNYanhvSWlFaVZiaXdWYkN2U05QYzhnVmhsY1hERyttcXN4agpBNWNuM3FqMzhQZlM4NXpvUDVFQ0F3RUFBYU5aTUZjd0RnWURWUjBQQVFIL0JBUURBZ0trTUE4R0ExVWRFd0VCCi93UUZNQU1CQWY4d0hRWURWUjBPQkJZRUZKNWtPbVB1L1laN09FQ1hVWkVIZjl0S2xycWxNQlVHQTFVZEVRUU8KTUF5Q0NtdDFZbVZ5Ym1WMFpYTXdEUVlKS29aSWh2Y05BUUVMQlFBRGdnRUJBRCtDc25iRTNrODVwVDlXN3BhSAptaEU1UUpJNHhydTdOMDdMZ2Z1eGxBQWhxT3h2N0RBVW1adUZNY3NQaGZSdW9mU0NMUmFNU2N1SzBlZjNDR3pDCk9aMXZEaHlua3l0QTdiVW5iVHRKcnRkUmdhZVhvdVp6MDFTajZPZTh1V3Z3M0lYVVZhUEJ0UytkTm40dmNrU1AKaVI1YnIyczdDb1BHSFZlMVpYS29MOHlyQnZuT3oxeW1GRnk4NFBSejMyVUJNU3Yrc1RGZUIwOTZTYkZ1RGRZeQp5SmVvamgxVHRmcUZ4R1BXUFR0cmYvUmx2Q1I3QXI4Vmk2NW1wSnJBU08yLzBlT2NYUUFpaUs2cTZ2dWErMWNGCjNvV1NCZmpjb3QrK0NNZVM2SzlLSStNSXF0dUJDMC83a3pNbE82TVFNd0Y1NmRVQmhvcFFheEJJUWlxL0t2REgKamRzPQotLS0tLUVORCBDRVJUSUZJQ0FURS0tLS0tCg=="
              }
            ],
            "created_at": "2022-06-13 21:30:39.145 +0000 UTC",
            "enabled_cluster_log_types": [],
            "encryption_config": [],
            "endpoint": "https://B2D7C2896EF60893453EAF5070688F8C.gr7.us-east-1.eks.amazonaws.com",
            "id": "node-cluster",
            "identity": [
              {
                "oidc": [
                  {
                    "issuer": "https://oidc.eks.us-east-1.amazonaws.com/id/B2D7C2896EF60893453EAF5070688F8C"
                  }
                ]
              }
            ],
            "kubernetes_network_config": [
              {
                "ip_family": "ipv4",
                "service_ipv4_cidr": "172.20.0.0/16"
              }
            ],
            "name": "node-cluster",
            "platform_version": "eks.2",
            "role_arn": "arn:aws:iam::757131707204:role/node-eks-iam-role",
            "status": "ACTIVE",
            "tags": {},
            "tags_all": {},
            "timeouts": null,
            "version": "1.22",
            "vpc_config": [
              {
                "cluster_security_group_id": "sg-0952d9f1c2f1466ba",
                "endpoint_private_access": false,
                "endpoint_public_access": true,
                "public_access_cidrs": [
                  "0.0.0.0/0"
                ],
                "security_group_ids": [],
                "subnet_ids": [
                  "subnet-0bfe33a4d59905dbe",
                  "subnet-0ea29d9b9b44744cf"
                ],
                "vpc_id": "vpc-0d797374c4f414ef9"
              }
            ]
          },
          "sensitive_attributes": [],
          "private": "eyJlMmJmYjczMC1lY2FhLTExZTYtOGY4OC0zNDM2M2JjN2M0YzAiOnsiY3JlYXRlIjoxODAwMDAwMDAwMDAwLCJkZWxldGUiOjkwMDAwMDAwMDAwMCwidXBkYXRlIjozNjAwMDAwMDAwMDAwfX0=",
          "dependencies": [
            "aws_iam_role.eks-iam-role"
          ]
        }
      ]
    },
    {
      "mode": "managed",
      "type": "aws_iam_role",
      "name": "eks-iam-role",
      "provider": "provider[\"registry.terraform.io/hashicorp/aws\"]",
      "instances": [
        {
          "schema_version": 0,
          "attributes": {
            "arn": "arn:aws:iam::757131707204:role/node-eks-iam-role",
            "assume_role_policy": "{\"Version\":\"2012-10-17\",\"Statement\":[{\"Effect\":\"Allow\",\"Principal\":{\"Service\":\"eks.amazonaws.com\"},\"Action\":\"sts:AssumeRole\"}]}",
            "create_date": "2022-06-13T21:30:35Z",
            "description": "",
            "force_detach_policies": false,
            "id": "node-eks-iam-role",
            "inline_policy": [
              {
                "name": "",
                "policy": ""
              }
            ],
            "managed_policy_arns": [
              "arn:aws:iam::aws:policy/AmazonEC2ContainerRegistryReadOnly",
              "arn:aws:iam::aws:policy/AmazonEKSClusterPolicy"
            ],
            "max_session_duration": 3600,
            "name": "node-eks-iam-role",
            "name_prefix": "",
            "path": "/",
            "permissions_boundary": null,
            "tags": {},
            "tags_all": {},
            "unique_id": "AROA3ASERANCGXELGYWUG"
          },
          "sensitive_attributes": [],
          "private": "bnVsbA=="
        }
      ]
    }
  ]
}
